
Microsoft Visual Studio Solution File, Format Version 12.00
# Visual Studio 15
VisualStudioVersion = 15.0.28010.2036
MinimumVisualStudioVersion = 10.0.40219.1
Project("{FAE04EC0-301F-11D3-BF4B-00C04F79EFBC}") = "CommentAnalyzer", "CommentAnalyzer\CommentAnalyzer\CommentAnalyzer.csproj", "{5CDC71AD-5574-493A-A538-200419DFA188}"
EndProject
Project("{FAE04EC0-301F-11D3-BF4B-00C04F79EFBC}") = "CommentAnalyzer.Test", "CommentAnalyzer\CommentAnalyzer.Test\CommentAnalyzer.Test.csproj", "{E40E6EBC-EC62-446A-B782-C353AF86755A}"
EndProject
Project("{FAE04EC0-301F-11D3-BF4B-00C04F79EFBC}") = "CommentAnalyzer.Vsix", "CommentAnalyzer\CommentAnalyzer.Vsix\CommentAnalyzer.Vsix.csproj", "{DB0299B5-29DA-4994-AEE0-253DE9E51671}"
EndProject
Global
	GlobalSection(SolutionConfigurationPlatforms) = preSolution
		Debug|Any CPU = Debug|Any CPU
		Release|Any CPU = Release|Any CPU
	EndGlobalSection
	GlobalSection(ProjectConfigurationPlatforms) = postSolution
		{5CDC71AD-5574-493A-A538-200419DFA188}.Debug|Any CPU.ActiveCfg = Debug|Any CPU
		{5CDC71AD-5574-493A-A538-200419DFA188}.Debug|Any CPU.Build.0 = Debug|Any CPU
		{5CDC71AD-5574-493A-A538-200419DFA188}.Release|Any CPU.ActiveCfg = Release|Any CPU
		{5CDC71AD-5574-493A-A538-200419DFA188}.Release|Any CPU.Build.0 = Release|Any CPU
		{E40E6EBC-EC62-446A-B782-C353AF86755A}.Debug|Any CPU.ActiveCfg = Debug|Any CPU
		{E40E6EBC-EC62-446A-B782-C353AF86755A}.Debug|Any CPU.Build.0 = Debug|Any CPU
		{E40E6EBC-EC62-446A-B782-C353AF86755A}.Release|Any CPU.ActiveCfg = Release|Any CPU
		{E40E6EBC-EC62-446A-B782-C353AF86755A}.Release|Any CPU.Build.0 = Release|Any CPU
		{DB0299B5-29DA-4994-AEE0-253DE9E51671}.Debug|Any CPU.ActiveCfg = Debug|Any CPU
		{DB0299B5-29DA-4994-AEE0-253DE9E51671}.Debug|Any CPU.Build.0 = Debug|Any CPU
		{DB0299B5-29DA-4994-AEE0-253DE9E51671}.Release|Any CPU.ActiveCfg = Release|Any CPU
		{DB0299B5-29DA-4994-AEE0-253DE9E51671}.Release|Any CPU.Build.0 = Release|Any CPU
	EndGlobalSection
	GlobalSection(SolutionProperties) = preSolution
		HideSolutionNode = FALSE
	EndGlobalSection
	GlobalSection(ExtensibilityGlobals) = postSolution
		SolutionGuid = {508930EA-393C-4757-BAF2-B2EA1F49B2F6}
	EndGlobalSection
EndGlobal
