
Microsoft Visual Studio Solution File, Format Version 12.00
# Visual Studio 15
VisualStudioVersion = 15.0.27130.2027
MinimumVisualStudioVersion = 10.0.40219.1
Project("{9A19103F-16F7-4668-BE54-9A1E7A4F7556}") = "TemperTest", "TemperTest\TemperTest.csproj", "{7C2C5C96-E5A8-4EE6-8869-17A320340CAF}"
EndProject
Project("{2150E333-8FDC-42A3-9474-1A3956D46DE8}") = "Solution Items", "Solution Items", "{0CB4D173-890F-442E-B1F7-271BC6895D96}"
	ProjectSection(SolutionItems) = preProject
		README.md = README.md
	EndProjectSection
EndProject
Global
	GlobalSection(SolutionConfigurationPlatforms) = preSolution
		Debug|Any CPU = Debug|Any CPU
		Release|Any CPU = Release|Any CPU
	EndGlobalSection
	GlobalSection(ProjectConfigurationPlatforms) = postSolution
		{7C2C5C96-E5A8-4EE6-8869-17A320340CAF}.Debug|Any CPU.ActiveCfg = Debug|Any CPU
		{7C2C5C96-E5A8-4EE6-8869-17A320340CAF}.Debug|Any CPU.Build.0 = Debug|Any CPU
		{7C2C5C96-E5A8-4EE6-8869-17A320340CAF}.Release|Any CPU.ActiveCfg = Release|Any CPU
		{7C2C5C96-E5A8-4EE6-8869-17A320340CAF}.Release|Any CPU.Build.0 = Release|Any CPU
	EndGlobalSection
	GlobalSection(SolutionProperties) = preSolution
		HideSolutionNode = FALSE
	EndGlobalSection
	GlobalSection(ExtensibilityGlobals) = postSolution
		SolutionGuid = {65B52F08-56EB-40CF-88FD-5775B8F4C69D}
	EndGlobalSection
EndGlobal
